
Microsoft Visual Studio Solution File, Format Version 12.00
Project("{FAE04EC0-301F-11D3-BF4B-00C04F79EFBC}") = "AwsIncidentManagerClient", "AwsIncidentManagerClient\AwsIncidentManagerClient.csproj", "{1BA74512-B639-4E4E-AAF7-577DA35FFBE8}"
EndProject
Project("{FAE04EC0-301F-11D3-BF4B-00C04F79EFBC}") = "AwsIncidentManagerClientTest", "AwsIncidentManagerClientTest\AwsIncidentManagerClientTest.csproj", "{4FAF37D4-2595-4B6A-BF37-19FAB8C4EA2D}"
EndProject
Global
	GlobalSection(SolutionConfigurationPlatforms) = preSolution
		Debug|Any CPU = Debug|Any CPU
		Release|Any CPU = Release|Any CPU
	EndGlobalSection
	GlobalSection(ProjectConfigurationPlatforms) = postSolution
		{1BA74512-B639-4E4E-AAF7-577DA35FFBE8}.Debug|Any CPU.ActiveCfg = Debug|Any CPU
		{1BA74512-B639-4E4E-AAF7-577DA35FFBE8}.Debug|Any CPU.Build.0 = Debug|Any CPU
		{1BA74512-B639-4E4E-AAF7-577DA35FFBE8}.Release|Any CPU.ActiveCfg = Release|Any CPU
		{1BA74512-B639-4E4E-AAF7-577DA35FFBE8}.Release|Any CPU.Build.0 = Release|Any CPU
		{4FAF37D4-2595-4B6A-BF37-19FAB8C4EA2D}.Debug|Any CPU.ActiveCfg = Debug|Any CPU
		{4FAF37D4-2595-4B6A-BF37-19FAB8C4EA2D}.Debug|Any CPU.Build.0 = Debug|Any CPU
		{4FAF37D4-2595-4B6A-BF37-19FAB8C4EA2D}.Release|Any CPU.ActiveCfg = Release|Any CPU
		{4FAF37D4-2595-4B6A-BF37-19FAB8C4EA2D}.Release|Any CPU.Build.0 = Release|Any CPU
	EndGlobalSection
EndGlobal
